
Microsoft Visual Studio Solution File, Format Version 12.00
# Visual Studio Version 17
VisualStudioVersion = 17.7.34202.233
MinimumVisualStudioVersion = 10.0.40219.1
Project("{FAE04EC0-301F-11D3-BF4B-00C04F79EFBC}") = "PD.Demo.AngularHttpOnlyCookie", "PD.Demo.AngularHttpOnlyCookie\PD.Demo.AngularHttpOnlyCookie.csproj", "{7CD3A944-F281-44DA-899A-7EB81A787C53}"
EndProject
Global
	GlobalSection(SolutionConfigurationPlatforms) = preSolution
		Debug|Any CPU = Debug|Any CPU
		Release|Any CPU = Release|Any CPU
	EndGlobalSection
	GlobalSection(ProjectConfigurationPlatforms) = postSolution
		{7CD3A944-F281-44DA-899A-7EB81A787C53}.Debug|Any CPU.ActiveCfg = Debug|Any CPU
		{7CD3A944-F281-44DA-899A-7EB81A787C53}.Debug|Any CPU.Build.0 = Debug|Any CPU
		{7CD3A944-F281-44DA-899A-7EB81A787C53}.Release|Any CPU.ActiveCfg = Release|Any CPU
		{7CD3A944-F281-44DA-899A-7EB81A787C53}.Release|Any CPU.Build.0 = Release|Any CPU
	EndGlobalSection
	GlobalSection(SolutionProperties) = preSolution
		HideSolutionNode = FALSE
	EndGlobalSection
	GlobalSection(ExtensibilityGlobals) = postSolution
		SolutionGuid = {E9533223-25A0-483E-AB51-486B0ABB4F96}
	EndGlobalSection
EndGlobal
